
Microsoft Visual Studio Solution File, Format Version 12.00
# Visual Studio 15
VisualStudioVersion = 15.0.28010.2046
MinimumVisualStudioVersion = 10.0.40219.1
Project("{FAE04EC0-301F-11D3-BF4B-00C04F79EFBC}") = "ByteBuffer", "ByteBuffer\ByteBuffer.csproj", "{6229BE58-1132-4423-9A55-0CAF279D0DB8}"
EndProject
Project("{FAE04EC0-301F-11D3-BF4B-00C04F79EFBC}") = "UnityServer", "..\UnityServer\UnityServer\UnityServer.csproj", "{5BB7575D-2728-4693-85DE-12B7F0194489}"
EndProject
Global
	GlobalSection(SolutionConfigurationPlatforms) = preSolution
		Debug|Any CPU = Debug|Any CPU
		Release|Any CPU = Release|Any CPU
	EndGlobalSection
	GlobalSection(ProjectConfigurationPlatforms) = postSolution
		{6229BE58-1132-4423-9A55-0CAF279D0DB8}.Debug|Any CPU.ActiveCfg = Debug|Any CPU
		{6229BE58-1132-4423-9A55-0CAF279D0DB8}.Debug|Any CPU.Build.0 = Debug|Any CPU
		{6229BE58-1132-4423-9A55-0CAF279D0DB8}.Release|Any CPU.ActiveCfg = Release|Any CPU
		{6229BE58-1132-4423-9A55-0CAF279D0DB8}.Release|Any CPU.Build.0 = Release|Any CPU
		{5BB7575D-2728-4693-85DE-12B7F0194489}.Debug|Any CPU.ActiveCfg = Debug|Any CPU
		{5BB7575D-2728-4693-85DE-12B7F0194489}.Debug|Any CPU.Build.0 = Debug|Any CPU
		{5BB7575D-2728-4693-85DE-12B7F0194489}.Release|Any CPU.ActiveCfg = Release|Any CPU
		{5BB7575D-2728-4693-85DE-12B7F0194489}.Release|Any CPU.Build.0 = Release|Any CPU
	EndGlobalSection
	GlobalSection(SolutionProperties) = preSolution
		HideSolutionNode = FALSE
	EndGlobalSection
	GlobalSection(ExtensibilityGlobals) = postSolution
		SolutionGuid = {6BEC6ABC-40AD-437C-A9DF-1C0BA7684387}
	EndGlobalSection
EndGlobal
